
Microsoft Visual Studio Solution File, Format Version 12.00
# Visual Studio Version 16
VisualStudioVersion = 16.0.29609.76
MinimumVisualStudioVersion = 10.0.40219.1
Project("{FAE04EC0-301F-11D3-BF4B-00C04F79EFBC}") = "DavidBerry.Framework", "DavidBerry.Framework\DavidBerry.Framework.csproj", "{6CEEF233-8D79-444C-8735-FB665D03E00E}"
EndProject
Project("{FAE04EC0-301F-11D3-BF4B-00C04F79EFBC}") = "DavidBerry.Framework.Tests", "DavidBerry.Framework.Tests\DavidBerry.Framework.Tests.csproj", "{EE1794B2-7A33-4A1F-860B-BF6B379223A9}"
EndProject
Global
	GlobalSection(SolutionConfigurationPlatforms) = preSolution
		Debug|Any CPU = Debug|Any CPU
		Release|Any CPU = Release|Any CPU
	EndGlobalSection
	GlobalSection(ProjectConfigurationPlatforms) = postSolution
		{6CEEF233-8D79-444C-8735-FB665D03E00E}.Debug|Any CPU.ActiveCfg = Debug|Any CPU
		{6CEEF233-8D79-444C-8735-FB665D03E00E}.Debug|Any CPU.Build.0 = Debug|Any CPU
		{6CEEF233-8D79-444C-8735-FB665D03E00E}.Release|Any CPU.ActiveCfg = Release|Any CPU
		{6CEEF233-8D79-444C-8735-FB665D03E00E}.Release|Any CPU.Build.0 = Release|Any CPU
		{EE1794B2-7A33-4A1F-860B-BF6B379223A9}.Debug|Any CPU.ActiveCfg = Debug|Any CPU
		{EE1794B2-7A33-4A1F-860B-BF6B379223A9}.Debug|Any CPU.Build.0 = Debug|Any CPU
		{EE1794B2-7A33-4A1F-860B-BF6B379223A9}.Release|Any CPU.ActiveCfg = Release|Any CPU
		{EE1794B2-7A33-4A1F-860B-BF6B379223A9}.Release|Any CPU.Build.0 = Release|Any CPU
	EndGlobalSection
	GlobalSection(SolutionProperties) = preSolution
		HideSolutionNode = FALSE
	EndGlobalSection
	GlobalSection(ExtensibilityGlobals) = postSolution
		SolutionGuid = {9F747BAF-794D-4897-97CA-FA1B67CB8A9F}
	EndGlobalSection
EndGlobal
